
Microsoft Visual Studio Solution File, Format Version 12.00
Project("{FAE04EC0-301F-11D3-BF4B-00C04F79EFBC}") = "AlgorithmsLab1", "AlgorithmsLab1\AlgorithmsLab1.csproj", "{98635FD5-F53E-4349-955A-92EF440900C2}"
EndProject
Project("{FAE04EC0-301F-11D3-BF4B-00C04F79EFBC}") = "AlgorithmsLab1_N_op", "AlgorithmsLab1_N_op\AlgorithmsLab1_N_op.csproj", "{79C3063F-CF42-4184-A13D-6079BDDEA3B4}"
EndProject
Project("{FAE04EC0-301F-11D3-BF4B-00C04F79EFBC}") = "Lab2", "Lab2\Lab2.csproj", "{1FB1AB46-A1E4-4701-8B17-F82F12D3C2D7}"
EndProject
Global
	GlobalSection(SolutionConfigurationPlatforms) = preSolution
		Debug|Any CPU = Debug|Any CPU
		Release|Any CPU = Release|Any CPU
	EndGlobalSection
	GlobalSection(ProjectConfigurationPlatforms) = postSolution
		{98635FD5-F53E-4349-955A-92EF440900C2}.Debug|Any CPU.ActiveCfg = Debug|Any CPU
		{98635FD5-F53E-4349-955A-92EF440900C2}.Debug|Any CPU.Build.0 = Debug|Any CPU
		{98635FD5-F53E-4349-955A-92EF440900C2}.Release|Any CPU.ActiveCfg = Release|Any CPU
		{98635FD5-F53E-4349-955A-92EF440900C2}.Release|Any CPU.Build.0 = Release|Any CPU
		{79C3063F-CF42-4184-A13D-6079BDDEA3B4}.Debug|Any CPU.ActiveCfg = Debug|Any CPU
		{79C3063F-CF42-4184-A13D-6079BDDEA3B4}.Debug|Any CPU.Build.0 = Debug|Any CPU
		{79C3063F-CF42-4184-A13D-6079BDDEA3B4}.Release|Any CPU.ActiveCfg = Release|Any CPU
		{79C3063F-CF42-4184-A13D-6079BDDEA3B4}.Release|Any CPU.Build.0 = Release|Any CPU
		{1FB1AB46-A1E4-4701-8B17-F82F12D3C2D7}.Debug|Any CPU.ActiveCfg = Debug|Any CPU
		{1FB1AB46-A1E4-4701-8B17-F82F12D3C2D7}.Debug|Any CPU.Build.0 = Debug|Any CPU
		{1FB1AB46-A1E4-4701-8B17-F82F12D3C2D7}.Release|Any CPU.ActiveCfg = Release|Any CPU
		{1FB1AB46-A1E4-4701-8B17-F82F12D3C2D7}.Release|Any CPU.Build.0 = Release|Any CPU
	EndGlobalSection
EndGlobal
